
Microsoft Visual Studio Solution File, Format Version 12.00
# Visual Studio Version 17
VisualStudioVersion = 17.8.34525.116
MinimumVisualStudioVersion = 10.0.40219.1
Project("{9A19103F-16F7-4668-BE54-9A1E7A4F7556}") = "WebServices", "WebServices\WebServices.csproj", "{27705E8A-5390-4B4D-A2A5-19FB026D2E60}"
EndProject
Project("{9A19103F-16F7-4668-BE54-9A1E7A4F7556}") = "Dominio", "Dominio\Dominio.csproj", "{27BF5AFE-D194-4BC3-BCB8-27F2D8B9959A}"
EndProject
Project("{9A19103F-16F7-4668-BE54-9A1E7A4F7556}") = "Infraestructura", "Infraestructura\Infraestructura.csproj", "{DFF2031D-E784-422E-B7D4-046E73D0DB2B}"
EndProject
Project("{9A19103F-16F7-4668-BE54-9A1E7A4F7556}") = "Aplicacion", "Aplicacion\Aplicacion.csproj", "{9C7F5DC8-AD78-44D5-B276-DE9AD5FC4A9E}"
EndProject
Project("{2150E333-8FDC-42A3-9474-1A3956D46DE8}") = ".github", ".github", "{6B6E646F-3C51-4105-A912-4F4E1AE83403}"
EndProject
Project("{2150E333-8FDC-42A3-9474-1A3956D46DE8}") = "workflows", "workflows", "{5965D9E1-48B3-4CA3-8610-ADF4A2EE5FD1}"
	ProjectSection(SolutionItems) = preProject
		build-and-deploy.yml = build-and-deploy.yml
	EndProjectSection
EndProject
Global
	GlobalSection(SolutionConfigurationPlatforms) = preSolution
		Debug|Any CPU = Debug|Any CPU
		Release|Any CPU = Release|Any CPU
	EndGlobalSection
	GlobalSection(ProjectConfigurationPlatforms) = postSolution
		{27705E8A-5390-4B4D-A2A5-19FB026D2E60}.Debug|Any CPU.ActiveCfg = Debug|Any CPU
		{27705E8A-5390-4B4D-A2A5-19FB026D2E60}.Debug|Any CPU.Build.0 = Debug|Any CPU
		{27705E8A-5390-4B4D-A2A5-19FB026D2E60}.Release|Any CPU.ActiveCfg = Release|Any CPU
		{27705E8A-5390-4B4D-A2A5-19FB026D2E60}.Release|Any CPU.Build.0 = Release|Any CPU
		{27BF5AFE-D194-4BC3-BCB8-27F2D8B9959A}.Debug|Any CPU.ActiveCfg = Debug|Any CPU
		{27BF5AFE-D194-4BC3-BCB8-27F2D8B9959A}.Debug|Any CPU.Build.0 = Debug|Any CPU
		{27BF5AFE-D194-4BC3-BCB8-27F2D8B9959A}.Release|Any CPU.ActiveCfg = Release|Any CPU
		{27BF5AFE-D194-4BC3-BCB8-27F2D8B9959A}.Release|Any CPU.Build.0 = Release|Any CPU
		{DFF2031D-E784-422E-B7D4-046E73D0DB2B}.Debug|Any CPU.ActiveCfg = Debug|Any CPU
		{DFF2031D-E784-422E-B7D4-046E73D0DB2B}.Debug|Any CPU.Build.0 = Debug|Any CPU
		{DFF2031D-E784-422E-B7D4-046E73D0DB2B}.Release|Any CPU.ActiveCfg = Release|Any CPU
		{DFF2031D-E784-422E-B7D4-046E73D0DB2B}.Release|Any CPU.Build.0 = Release|Any CPU
		{9C7F5DC8-AD78-44D5-B276-DE9AD5FC4A9E}.Debug|Any CPU.ActiveCfg = Debug|Any CPU
		{9C7F5DC8-AD78-44D5-B276-DE9AD5FC4A9E}.Debug|Any CPU.Build.0 = Debug|Any CPU
		{9C7F5DC8-AD78-44D5-B276-DE9AD5FC4A9E}.Release|Any CPU.ActiveCfg = Release|Any CPU
		{9C7F5DC8-AD78-44D5-B276-DE9AD5FC4A9E}.Release|Any CPU.Build.0 = Release|Any CPU
	EndGlobalSection
	GlobalSection(SolutionProperties) = preSolution
		HideSolutionNode = FALSE
	EndGlobalSection
	GlobalSection(NestedProjects) = preSolution
		{5965D9E1-48B3-4CA3-8610-ADF4A2EE5FD1} = {6B6E646F-3C51-4105-A912-4F4E1AE83403}
	EndGlobalSection
	GlobalSection(ExtensibilityGlobals) = postSolution
		SolutionGuid = {5AEF57F0-D726-432E-A5E8-A202D08133A8}
	EndGlobalSection
EndGlobal
